// !$*UTF8*$!
{
	archiveVersion = 1;
	classes = {
	};
	objectVersion = 77;
	objects = {

/* Begin PBXBuildFile section */
		CE61EC042F2B9D24001A3CDC /* Coordinator in Frameworks */ = {isa = PBXBuildFile; productRef = CE61EC032F2B9D24001A3CDC /* Coordinator */; };
		CED0208D2F892DAB004C6715 /* FirebaseAnalytics in Frameworks */ = {isa = PBXBuildFile; productRef = CED0208C2F892DAB004C6715 /* FirebaseAnalytics */; };
		CED0208F2F892DAB004C6715 /* FirebaseAnalyticsCore in Frameworks */ = {isa = PBXBuildFile; productRef = CED0208E2F892DAB004C6715 /* FirebaseAnalyticsCore */; };
		CED020912F892DAB004C6715 /* FirebaseCore in Frameworks */ = {isa = PBXBuildFile; productRef = CED020902F892DAB004C6715 /* FirebaseCore */; };
		CED020932F892DAB004C6715 /* FirebaseCrashlytics in Frameworks */ = {isa = PBXBuildFile; productRef = CED020922F892DAB004C6715 /* FirebaseCrashlytics */; };
		CED020952F892DAB004C6715 /* FirebaseDatabase in Frameworks */ = {isa = PBXBuildFile; productRef = CED020942F892DAB004C6715 /* FirebaseDatabase */; };
		CED020972F892DAB004C6715 /* FirebaseFirestore in Frameworks */ = {isa = PBXBuildFile; productRef = CED020962F892DAB004C6715 /* FirebaseFirestore */; };
		CED020992F892DAB004C6715 /* FirebaseFirestoreCombine-Community in Frameworks */ = {isa = PBXBuildFile; productRef = CED020982F892DAB004C6715 /* FirebaseFirestoreCombine-Community */; };
		CED0214E2F893F9A004C6715 /* FirebaseAuth in Frameworks */ = {isa = PBXBuildFile; productRef = CED0214D2F893F9A004C6715 /* FirebaseAuth */; };
/* End PBXBuildFile section */

/* Begin PBXContainerItemProxy section */
		CE61D9152F291970001A3CDC /* PBXContainerItemProxy */ = {
			isa = PBXContainerItemProxy;
			containerPortal = CE61D8FD2F29196F001A3CDC /* Project object */;
			proxyType = 1;
			remoteGlobalIDString = CE61D9042F29196F001A3CDC;
			remoteInfo = ShoplyList;
		};
		CE61D91F2F291971001A3CDC /* PBXContainerItemProxy */ = {
			isa = PBXContainerItemProxy;
			containerPortal = CE61D8FD2F29196F001A3CDC /* Project object */;
			proxyType = 1;
			remoteGlobalIDString = CE61D9042F29196F001A3CDC;
			remoteInfo = ShoplyList;
		};
/* End PBXContainerItemProxy section */

/* Begin PBXFileReference section */
		CE61D9052F29196F001A3CDC /* ShoplyList.app */ = {isa = PBXFileReference; explicitFileType = wrapper.application; includeInIndex = 0; path = ShoplyList.app; sourceTree = BUILT_PRODUCTS_DIR; };
		CE61D9142F291970001A3CDC /* ShoplyListTests.xctest */ = {isa = PBXFileReference; explicitFileType = wrapper.cfbundle; includeInIndex = 0; path = ShoplyListTests.xctest; sourceTree = BUILT_PRODUCTS_DIR; };
		CE61D91E2F291971001A3CDC /* ShoplyListUITests.xctest */ = {isa = PBXFileReference; explicitFileType = wrapper.cfbundle; includeInIndex = 0; path = ShoplyListUITests.xctest; sourceTree = BUILT_PRODUCTS_DIR; };
/* End PBXFileReference section */

/* Begin PBXFileSystemSynchronizedBuildFileExceptionSet section */
		CE61EC012F2B9AF0001A3CDC /* Exceptions for "ShoplyList" folder in "ShoplyList" target */ = {
			isa = PBXFileSystemSynchronizedBuildFileExceptionSet;
			membershipExceptions = (
				Packages/Coordinator,
			);
			target = CE61D9042F29196F001A3CDC /* ShoplyList */;
		};
		CED020892F892D36004C6715 /* Exceptions for "ShoplyList" folder in "ShoplyListTests" target */ = {
			isa = PBXFileSystemSynchronizedBuildFileExceptionSet;
			membershipExceptions = (
				"GoogleService-Info.plist",
			);
			target = CE61D9132F291970001A3CDC /* ShoplyListTests */;
		};
		CED0208A2F892D36004C6715 /* Exceptions for "ShoplyList" folder in "ShoplyListUITests" target */ = {
			isa = PBXFileSystemSynchronizedBuildFileExceptionSet;
			membershipExceptions = (
				"GoogleService-Info.plist",
			);
			target = CE61D91D2F291971001A3CDC /* ShoplyListUITests */;
		};
/* End PBXFileSystemSynchronizedBuildFileExceptionSet section */

/* Begin PBXFileSystemSynchronizedRootGroup section */
		CE61D9072F29196F001A3CDC /* ShoplyList */ = {
			isa = PBXFileSystemSynchronizedRootGroup;
			exceptions = (
				CE61EC012F2B9AF0001A3CDC /* Exceptions for "ShoplyList" folder in "ShoplyList" target */,
				CED020892F892D36004C6715 /* Exceptions for "ShoplyList" folder in "ShoplyListTests" target */,
				CED0208A2F892D36004C6715 /* Exceptions for "ShoplyList" folder in "ShoplyListUITests" target */,
			);
			path = ShoplyList;
			sourceTree = "<group>";
		};
		CE61D9172F291970001A3CDC /* ShoplyListTests */ = {
			isa = PBXFileSystemSynchronizedRootGroup;
			path = ShoplyListTests;
			sourceTree = "<group>";
		};
		CE61D9212F291971001A3CDC /* ShoplyListUITests */ = {
			isa = PBXFileSystemSynchronizedRootGroup;
			path = ShoplyListUITests;
			sourceTree = "<group>";
		};
/* End PBXFileSystemSynchronizedRootGroup section */

/* Begin PBXFrameworksBuildPhase section */
		CE61D9022F29196F001A3CDC /* Frameworks */ = {
			isa = PBXFrameworksBuildPhase;
			buildActionMask = 2147483647;
			files = (
				CED020952F892DAB004C6715 /* FirebaseDatabase in Frameworks */,
				CED020992F892DAB004C6715 /* FirebaseFirestoreCombine-Community in Frameworks */,
				CED0208D2F892DAB004C6715 /* FirebaseAnalytics in Frameworks */,
				CED0208F2F892DAB004C6715 /* FirebaseAnalyticsCore in Frameworks */,
				CED0214E2F893F9A004C6715 /* FirebaseAuth in Frameworks */,
				CED020932F892DAB004C6715 /* FirebaseCrashlytics in Frameworks */,
				CED020912F892DAB004C6715 /* FirebaseCore in Frameworks */,
				CE61EC042F2B9D24001A3CDC /* Coordinator in Frameworks */,
				CED020972F892DAB004C6715 /* FirebaseFirestore in Frameworks */,
			);
			runOnlyForDeploymentPostprocessing = 0;
		};
		CE61D9112F291970001A3CDC /* Frameworks */ = {
			isa = PBXFrameworksBuildPhase;
			buildActionMask = 2147483647;
			files = (
			);
			runOnlyForDeploymentPostprocessing = 0;
		};
		CE61D91B2F291971001A3CDC /* Frameworks */ = {
			isa = PBXFrameworksBuildPhase;
			buildActionMask = 2147483647;
			files = (
			);
			runOnlyForDeploymentPostprocessing = 0;
		};
/* End PBXFrameworksBuildPhase section */

/* Begin PBXGroup section */
		CE61D8FC2F29196F001A3CDC = {
			isa = PBXGroup;
			children = (
				CE61D9072F29196F001A3CDC /* ShoplyList */,
				CE61D9172F291970001A3CDC /* ShoplyListTests */,
				CE61D9212F291971001A3CDC /* ShoplyListUITests */,
				CED0214C2F893F9A004C6715 /* Frameworks */,
				CE61D9062F29196F001A3CDC /* Products */,
			);
			sourceTree = "<group>";
		};
		CE61D9062F29196F001A3CDC /* Products */ = {
			isa = PBXGroup;
			children = (
				CE61D9052F29196F001A3CDC /* ShoplyList.app */,
				CE61D9142F291970001A3CDC /* ShoplyListTests.xctest */,
				CE61D91E2F291971001A3CDC /* ShoplyListUITests.xctest */,
			);
			name = Products;
			sourceTree = "<group>";
		};
		CED0214C2F893F9A004C6715 /* Frameworks */ = {
			isa = PBXGroup;
			children = (
			);
			name = Frameworks;
			sourceTree = "<group>";
		};
/* End PBXGroup section */

/* Begin PBXNativeTarget section */
		CE61D9042F29196F001A3CDC /* ShoplyList */ = {
			isa = PBXNativeTarget;
			buildConfigurationList = CE61D9282F291971001A3CDC /* Build configuration list for PBXNativeTarget "ShoplyList" */;
			buildPhases = (
				CE61D9012F29196F001A3CDC /* Sources */,
				CE61D9022F29196F001A3CDC /* Frameworks */,
				CE61D9032F29196F001A3CDC /* Resources */,
			);
			buildRules = (
			);
			dependencies = (
			);
			fileSystemSynchronizedGroups = (
				CE61D9072F29196F001A3CDC /* ShoplyList */,
			);
			name = ShoplyList;
			packageProductDependencies = (
				CE61EC032F2B9D24001A3CDC /* Coordinator */,
				CED0208C2F892DAB004C6715 /* FirebaseAnalytics */,
				CED0208E2F892DAB004C6715 /* FirebaseAnalyticsCore */,
				CED020902F892DAB004C6715 /* FirebaseCore */,
				CED020922F892DAB004C6715 /* FirebaseCrashlytics */,
				CED020942F892DAB004C6715 /* FirebaseDatabase */,
				CED020962F892DAB004C6715 /* FirebaseFirestore */,
				CED020982F892DAB004C6715 /* FirebaseFirestoreCombine-Community */,
				CED0214D2F893F9A004C6715 /* FirebaseAuth */,
			);
			productName = ShoplyList;
			productReference = CE61D9052F29196F001A3CDC /* ShoplyList.app */;
			productType = "com.apple.product-type.application";
		};
		CE61D9132F291970001A3CDC /* ShoplyListTests */ = {
			isa = PBXNativeTarget;
			buildConfigurationList = CE61D92B2F291971001A3CDC /* Build configuration list for PBXNativeTarget "ShoplyListTests" */;
			buildPhases = (
				CE61D9102F291970001A3CDC /* Sources */,
				CE61D9112F291970001A3CDC /* Frameworks */,
				CE61D9122F291970001A3CDC /* Resources */,
			);
			buildRules = (
			);
			dependencies = (
				CE61D9162F291970001A3CDC /* PBXTargetDependency */,
			);
			fileSystemSynchronizedGroups = (
				CE61D9172F291970001A3CDC /* ShoplyListTests */,
			);
			name = ShoplyListTests;
			packageProductDependencies = (
			);
			productName = ShoplyListTests;
			productReference = CE61D9142F291970001A3CDC /* ShoplyListTests.xctest */;
			productType = "com.apple.product-type.bundle.unit-test";
		};
		CE61D91D2F291971001A3CDC /* ShoplyListUITests */ = {
			isa = PBXNativeTarget;
			buildConfigurationList = CE61D92E2F291971001A3CDC /* Build configuration list for PBXNativeTarget "ShoplyListUITests" */;
			buildPhases = (
				CE61D91A2F291971001A3CDC /* Sources */,
				CE61D91B2F291971001A3CDC /* Frameworks */,
				CE61D91C2F291971001A3CDC /* Resources */,
			);
			buildRules = (
			);
			dependencies = (
				CE61D9202F291971001A3CDC /* PBXTargetDependency */,
			);
			fileSystemSynchronizedGroups = (
				CE61D9212F291971001A3CDC /* ShoplyListUITests */,
			);
			name = ShoplyListUITests;
			packageProductDependencies = (
			);
			productName = ShoplyListUITests;
			productReference = CE61D91E2F291971001A3CDC /* ShoplyListUITests.xctest */;
			productType = "com.apple.product-type.bundle.ui-testing";
		};
/* End PBXNativeTarget section */

/* Begin PBXProject section */
		CE61D8FD2F29196F001A3CDC /* Project object */ = {
			isa = PBXProject;
			attributes = {
				BuildIndependentTargetsInParallel = 1;
				LastSwiftUpdateCheck = 2620;
				LastUpgradeCheck = 2620;
				ORGANIZATIONNAME = Shoply;
				TargetAttributes = {
					CE61D9042F29196F001A3CDC = {
						CreatedOnToolsVersion = 26.2;
					};
					CE61D9132F291970001A3CDC = {
						CreatedOnToolsVersion = 26.2;
						TestTargetID = CE61D9042F29196F001A3CDC;
					};
					CE61D91D2F291971001A3CDC = {
						CreatedOnToolsVersion = 26.2;
						TestTargetID = CE61D9042F29196F001A3CDC;
					};
				};
			};
			buildConfigurationList = CE61D9002F29196F001A3CDC /* Build configuration list for PBXProject "ShoplyList" */;
			developmentRegion = en;
			hasScannedForEncodings = 0;
			knownRegions = (
				en,
				Base,
			);
			mainGroup = CE61D8FC2F29196F001A3CDC;
			minimizedProjectReferenceProxies = 1;
			packageReferences = (
				CED0208B2F892DAB004C6715 /* XCRemoteSwiftPackageReference "firebase-ios-sdk" */,
			);
			preferredProjectObjectVersion = 77;
			productRefGroup = CE61D9062F29196F001A3CDC /* Products */;
			projectDirPath = "";
			projectRoot = "";
			targets = (
				CE61D9042F29196F001A3CDC /* ShoplyList */,
				CE61D9132F291970001A3CDC /* ShoplyListTests */,
				CE61D91D2F291971001A3CDC /* ShoplyListUITests */,
			);
		};
/* End PBXProject section */

/* Begin PBXResourcesBuildPhase section */
		CE61D9032F29196F001A3CDC /* Resources */ = {
			isa = PBXResourcesBuildPhase;
			buildActionMask = 2147483647;
			files = (
			);
			runOnlyForDeploymentPostprocessing = 0;
		};
		CE61D9122F291970001A3CDC /* Resources */ = {
			isa = PBXResourcesBuildPhase;
			buildActionMask = 2147483647;
			files = (
			);
			runOnlyForDeploymentPostprocessing = 0;
		};
		CE61D91C2F291971001A3CDC /* Resources */ = {
			isa = PBXResourcesBuildPhase;
			buildActionMask = 2147483647;
			files = (
			);
			runOnlyForDeploymentPostprocessing = 0;
		};
/* End PBXResourcesBuildPhase section */

/* Begin PBXSourcesBuildPhase section */
		CE61D9012F29196F001A3CDC /* Sources */ = {
			isa = PBXSourcesBuildPhase;
			buildActionMask = 2147483647;
			files = (
			);
			runOnlyForDeploymentPostprocessing = 0;
		};
		CE61D9102F291970001A3CDC /* Sources */ = {
			isa = PBXSourcesBuildPhase;
			buildActionMask = 2147483647;
			files = (
			);
			runOnlyForDeploymentPostprocessing = 0;
		};
		CE61D91A2F291971001A3CDC /* Sources */ = {
			isa = PBXSourcesBuildPhase;
			buildActionMask = 2147483647;
			files = (
			);
			runOnlyForDeploymentPostprocessing = 0;
		};
/* End PBXSourcesBuildPhase section */

/* Begin PBXTargetDependency section */
		CE61D9162F291970001A3CDC /* PBXTargetDependency */ = {
			isa = PBXTargetDependency;
			target = CE61D9042F29196F001A3CDC /* ShoplyList */;
			targetProxy = CE61D9152F291970001A3CDC /* PBXContainerItemProxy */;
		};
		CE61D9202F291971001A3CDC /* PBXTargetDependency */ = {
			isa = PBXTargetDependency;
			target = CE61D9042F29196F001A3CDC /* ShoplyList */;
			targetProxy = CE61D91F2F291971001A3CDC /* PBXContainerItemProxy */;
		};
/* End PBXTargetDependency section */

/* Begin XCBuildConfiguration section */
		CE61D9262F291971001A3CDC /* Debug */ = {
			isa = XCBuildConfiguration;
			buildSettings = {
				ALWAYS_SEARCH_USER_PATHS = NO;
				ASSETCATALOG_COMPILER_GENERATE_SWIFT_ASSET_SYMBOL_EXTENSIONS = YES;
				CLANG_ANALYZER_NONNULL = YES;
				CLANG_ANALYZER_NUMBER_OBJECT_CONVERSION = YES_AGGRESSIVE;
				CLANG_CXX_LANGUAGE_STANDARD = "gnu++20";
				CLANG_ENABLE_MODULES = YES;
				CLANG_ENABLE_OBJC_ARC = YES;
				CLANG_ENABLE_OBJC_WEAK = YES;
				CLANG_WARN_BLOCK_CAPTURE_AUTORELEASING = YES;
				CLANG_WARN_BOOL_CONVERSION = YES;
				CLANG_WARN_COMMA = YES;
				CLANG_WARN_CONSTANT_CONVERSION = YES;
				CLANG_WARN_DEPRECATED_OBJC_IMPLEMENTATIONS = YES;
				CLANG_WARN_DIRECT_OBJC_ISA_USAGE = YES_ERROR;
				CLANG_WARN_DOCUMENTATION_COMMENTS = YES;
				CLANG_WARN_EMPTY_BODY = YES;
				CLANG_WARN_ENUM_CONVERSION = YES;
				CLANG_WARN_INFINITE_RECURSION = YES;
				CLANG_WARN_INT_CONVERSION = YES;
				CLANG_WARN_NON_LITERAL_NULL_CONVERSION = YES;
				CLANG_WARN_OBJC_IMPLICIT_RETAIN_SELF = YES;
				CLANG_WARN_OBJC_LITERAL_CONVERSION = YES;
				CLANG_WARN_OBJC_ROOT_CLASS = YES_ERROR;
				CLANG_WARN_QUOTED_INCLUDE_IN_FRAMEWORK_HEADER = YES;
				CLANG_WARN_RANGE_LOOP_ANALYSIS = YES;
				CLANG_WARN_STRICT_PROTOTYPES = YES;
				CLANG_WARN_SUSPICIOUS_MOVE = YES;
				CLANG_WARN_UNGUARDED_AVAILABILITY = YES_AGGRESSIVE;
				CLANG_WARN_UNREACHABLE_CODE = YES;
				CLANG_WARN__DUPLICATE_METHOD_MATCH = YES;
				COPY_PHASE_STRIP = NO;
				DEBUG_INFORMATION_FORMAT = dwarf;
				DEVELOPMENT_TEAM = 23V2C5FWV2;
				ENABLE_STRICT_OBJC_MSGSEND = YES;
				ENABLE_TESTABILITY = YES;
				ENABLE_USER_SCRIPT_SANDBOXING = YES;
				GCC_C_LANGUAGE_STANDARD = gnu17;
				GCC_DYNAMIC_NO_PIC = NO;
				GCC_NO_COMMON_BLOCKS = YES;
				GCC_OPTIMIZATION_LEVEL = 0;
				GCC_PREPROCESSOR_DEFINITIONS = (
					"DEBUG=1",
					"$(inherited)",
				);
				GCC_WARN_64_TO_32_BIT_CONVERSION = YES;
				GCC_WARN_ABOUT_RETURN_TYPE = YES_ERROR;
				GCC_WARN_UNDECLARED_SELECTOR = YES;
				GCC_WARN_UNINITIALIZED_AUTOS = YES_AGGRESSIVE;
				GCC_WARN_UNUSED_FUNCTION = YES;
				GCC_WARN_UNUSED_VARIABLE = YES;
				IPHONEOS_DEPLOYMENT_TARGET = 18.6;
				LOCALIZATION_PREFERS_STRING_CATALOGS = YES;
				MTL_ENABLE_DEBUG_INFO = INCLUDE_SOURCE;
				MTL_FAST_MATH = YES;
				ONLY_ACTIVE_ARCH = YES;
				SDKROOT = iphoneos;
				SWIFT_ACTIVE_COMPILATION_CONDITIONS = "DEBUG $(inherited)";
				SWIFT_OPTIMIZATION_LEVEL = "-Onone";
			};
			name = Debug;
		};
		CE61D9272F291971001A3CDC /* Release */ = {
			isa = XCBuildConfiguration;
			buildSettings = {
				ALWAYS_SEARCH_USER_PATHS = NO;
				ASSETCATALOG_COMPILER_GENERATE_SWIFT_ASSET_SYMBOL_EXTENSIONS = YES;
				CLANG_ANALYZER_NONNULL = YES;
				CLANG_ANALYZER_NUMBER_OBJECT_CONVERSION = YES_AGGRESSIVE;
				CLANG_CXX_LANGUAGE_STANDARD = "gnu++20";
				CLANG_ENABLE_MODULES = YES;
				CLANG_ENABLE_OBJC_ARC = YES;
				CLANG_ENABLE_OBJC_WEAK = YES;
				CLANG_WARN_BLOCK_CAPTURE_AUTORELEASING = YES;
				CLANG_WARN_BOOL_CONVERSION = YES;
				CLANG_WARN_COMMA = YES;
				CLANG_WARN_CONSTANT_CONVERSION = YES;
				CLANG_WARN_DEPRECATED_OBJC_IMPLEMENTATIONS = YES;
				CLANG_WARN_DIRECT_OBJC_ISA_USAGE = YES_ERROR;
				CLANG_WARN_DOCUMENTATION_COMMENTS = YES;
				CLANG_WARN_EMPTY_BODY = YES;
				CLANG_WARN_ENUM_CONVERSION = YES;
				CLANG_WARN_INFINITE_RECURSION = YES;
				CLANG_WARN_INT_CONVERSION = YES;
				CLANG_WARN_NON_LITERAL_NULL_CONVERSION = YES;
				CLANG_WARN_OBJC_IMPLICIT_RETAIN_SELF = YES;
				CLANG_WARN_OBJC_LITERAL_CONVERSION = YES;
				CLANG_WARN_OBJC_ROOT_CLASS = YES_ERROR;
				CLANG_WARN_QUOTED_INCLUDE_IN_FRAMEWORK_HEADER = YES;
				CLANG_WARN_RANGE_LOOP_ANALYSIS = YES;
				CLANG_WARN_STRICT_PROTOTYPES = YES;
				CLANG_WARN_SUSPICIOUS_MOVE = YES;
				CLANG_WARN_UNGUARDED_AVAILABILITY = YES_AGGRESSIVE;
				CLANG_WARN_UNREACHABLE_CODE = YES;
				CLANG_WARN__DUPLICATE_METHOD_MATCH = YES;
				COPY_PHASE_STRIP = NO;
				DEBUG_INFORMATION_FORMAT = "dwarf-with-dsym";
				DEVELOPMENT_TEAM = 23V2C5FWV2;
				ENABLE_NS_ASSERTIONS = NO;
				ENABLE_STRICT_OBJC_MSGSEND = YES;
				ENABLE_USER_SCRIPT_SANDBOXING = YES;
				GCC_C_LANGUAGE_STANDARD = gnu17;
				GCC_NO_COMMON_BLOCKS = YES;
				GCC_WARN_64_TO_32_BIT_CONVERSION = YES;
				GCC_WARN_ABOUT_RETURN_TYPE = YES_ERROR;
				GCC_WARN_UNDECLARED_SELECTOR = YES;
				GCC_WARN_UNINITIALIZED_AUTOS = YES_AGGRESSIVE;
				GCC_WARN_UNUSED_FUNCTION = YES;
				GCC_WARN_UNUSED_VARIABLE = YES;
				IPHONEOS_DEPLOYMENT_TARGET = 18.6;
				LOCALIZATION_PREFERS_STRING_CATALOGS = YES;
				MTL_ENABLE_DEBUG_INFO = NO;
				MTL_FAST_MATH = YES;
				SDKROOT = iphoneos;
				SWIFT_COMPILATION_MODE = wholemodule;
				VALIDATE_PRODUCT = YES;
			};
			name = Release;
		};
		CE61D9292F291971001A3CDC /* Debug */ = {
			isa = XCBuildConfiguration;
			buildSettings = {
				ASSETCATALOG_COMPILER_APPICON_NAME = AppIcon;
				ASSETCATALOG_COMPILER_GLOBAL_ACCENT_COLOR_NAME = AccentColor;
				CODE_SIGN_STYLE = Automatic;
				CURRENT_PROJECT_VERSION = 1;
				DEVELOPMENT_TEAM = 23V2C5FWV2;
				ENABLE_PREVIEWS = YES;
				GENERATE_INFOPLIST_FILE = YES;
				INFOPLIST_KEY_UIApplicationSceneManifest_Generation = YES;
				INFOPLIST_KEY_UIApplicationSupportsIndirectInputEvents = YES;
				INFOPLIST_KEY_UILaunchScreen_Generation = YES;
				INFOPLIST_KEY_UISupportedInterfaceOrientations_iPad = "UIInterfaceOrientationPortrait UIInterfaceOrientationPortraitUpsideDown UIInterfaceOrientationLandscapeLeft UIInterfaceOrientationLandscapeRight";
				INFOPLIST_KEY_UISupportedInterfaceOrientations_iPhone = "UIInterfaceOrientationPortrait UIInterfaceOrientationLandscapeLeft UIInterfaceOrientationLandscapeRight";
				IPHONEOS_DEPLOYMENT_TARGET = 18.6;
				LD_RUNPATH_SEARCH_PATHS = (
					"$(inherited)",
					"@executable_path/Frameworks",
				);
				MARKETING_VERSION = 1.0;
				PRODUCT_BUNDLE_IDENTIFIER = com.shoplyApp.ShoplyList;
				PRODUCT_NAME = "$(TARGET_NAME)";
				STRING_CATALOG_GENERATE_SYMBOLS = YES;
				SWIFT_APPROACHABLE_CONCURRENCY = YES;
				SWIFT_DEFAULT_ACTOR_ISOLATION = MainActor;
				SWIFT_EMIT_LOC_STRINGS = YES;
				SWIFT_UPCOMING_FEATURE_MEMBER_IMPORT_VISIBILITY = YES;
				SWIFT_VERSION = 6.0;
				TARGETED_DEVICE_FAMILY = "1,2";
			};
			name = Debug;
		};
		CE61D92A2F291971001A3CDC /* Release */ = {
			isa = XCBuildConfiguration;
			buildSettings = {
				ASSETCATALOG_COMPILER_APPICON_NAME = AppIcon;
				ASSETCATALOG_COMPILER_GLOBAL_ACCENT_COLOR_NAME = AccentColor;
				CODE_SIGN_STYLE = Automatic;
				CURRENT_PROJECT_VERSION = 1;
				DEVELOPMENT_TEAM = 23V2C5FWV2;
				ENABLE_PREVIEWS = YES;
				GENERATE_INFOPLIST_FILE = YES;
				INFOPLIST_KEY_UIApplicationSceneManifest_Generation = YES;
				INFOPLIST_KEY_UIApplicationSupportsIndirectInputEvents = YES;
				INFOPLIST_KEY_UILaunchScreen_Generation = YES;
				INFOPLIST_KEY_UISupportedInterfaceOrientations_iPad = "UIInterfaceOrientationPortrait UIInterfaceOrientationPortraitUpsideDown UIInterfaceOrientationLandscapeLeft UIInterfaceOrientationLandscapeRight";
				INFOPLIST_KEY_UISupportedInterfaceOrientations_iPhone = "UIInterfaceOrientationPortrait UIInterfaceOrientationLandscapeLeft UIInterfaceOrientationLandscapeRight";
				IPHONEOS_DEPLOYMENT_TARGET = 18.6;
				LD_RUNPATH_SEARCH_PATHS = (
					"$(inherited)",
					"@executable_path/Frameworks",
				);
				MARKETING_VERSION = 1.0;
				PRODUCT_BUNDLE_IDENTIFIER = com.shoplyApp.ShoplyList;
				PRODUCT_NAME = "$(TARGET_NAME)";
				STRING_CATALOG_GENERATE_SYMBOLS = YES;
				SWIFT_APPROACHABLE_CONCURRENCY = YES;
				SWIFT_DEFAULT_ACTOR_ISOLATION = MainActor;
				SWIFT_EMIT_LOC_STRINGS = YES;
				SWIFT_UPCOMING_FEATURE_MEMBER_IMPORT_VISIBILITY = YES;
				SWIFT_VERSION = 6.0;
				TARGETED_DEVICE_FAMILY = "1,2";
			};
			name = Release;
		};
		CE61D92C2F291971001A3CDC /* Debug */ = {
			isa = XCBuildConfiguration;
			buildSettings = {
				BUNDLE_LOADER = "$(TEST_HOST)";
				CODE_SIGN_STYLE = Automatic;
				CURRENT_PROJECT_VERSION = 1;
				DEVELOPMENT_TEAM = 23V2C5FWV2;
				GENERATE_INFOPLIST_FILE = YES;
				IPHONEOS_DEPLOYMENT_TARGET = 18.6;
				MARKETING_VERSION = 1.0;
				PRODUCT_BUNDLE_IDENTIFIER = com.shoplyApp.ShoplyListTests;
				PRODUCT_NAME = "$(TARGET_NAME)";
				STRING_CATALOG_GENERATE_SYMBOLS = NO;
				SWIFT_APPROACHABLE_CONCURRENCY = YES;
				SWIFT_EMIT_LOC_STRINGS = NO;
				SWIFT_UPCOMING_FEATURE_MEMBER_IMPORT_VISIBILITY = YES;
				SWIFT_VERSION = 5.0;
				TARGETED_DEVICE_FAMILY = "1,2";
				TEST_HOST = "$(BUILT_PRODUCTS_DIR)/ShoplyList.app/$(BUNDLE_EXECUTABLE_FOLDER_PATH)/ShoplyList";
			};
			name = Debug;
		};
		CE61D92D2F291971001A3CDC /* Release */ = {
			isa = XCBuildConfiguration;
			buildSettings = {
				BUNDLE_LOADER = "$(TEST_HOST)";
				CODE_SIGN_STYLE = Automatic;
				CURRENT_PROJECT_VERSION = 1;
				DEVELOPMENT_TEAM = 23V2C5FWV2;
				GENERATE_INFOPLIST_FILE = YES;
				IPHONEOS_DEPLOYMENT_TARGET = 18.6;
				MARKETING_VERSION = 1.0;
				PRODUCT_BUNDLE_IDENTIFIER = com.shoplyApp.ShoplyListTests;
				PRODUCT_NAME = "$(TARGET_NAME)";
				STRING_CATALOG_GENERATE_SYMBOLS = NO;
				SWIFT_APPROACHABLE_CONCURRENCY = YES;
				SWIFT_EMIT_LOC_STRINGS = NO;
				SWIFT_UPCOMING_FEATURE_MEMBER_IMPORT_VISIBILITY = YES;
				SWIFT_VERSION = 5.0;
				TARGETED_DEVICE_FAMILY = "1,2";
				TEST_HOST = "$(BUILT_PRODUCTS_DIR)/ShoplyList.app/$(BUNDLE_EXECUTABLE_FOLDER_PATH)/ShoplyList";
			};
			name = Release;
		};
		CE61D92F2F291971001A3CDC /* Debug */ = {
			isa = XCBuildConfiguration;
			buildSettings = {
				CODE_SIGN_STYLE = Automatic;
				CURRENT_PROJECT_VERSION = 1;
				DEVELOPMENT_TEAM = 23V2C5FWV2;
				GENERATE_INFOPLIST_FILE = YES;
				IPHONEOS_DEPLOYMENT_TARGET = 18.6;
				MARKETING_VERSION = 1.0;
				PRODUCT_BUNDLE_IDENTIFIER = com.shoplyApp.ShoplyListUITests;
				PRODUCT_NAME = "$(TARGET_NAME)";
				STRING_CATALOG_GENERATE_SYMBOLS = NO;
				SWIFT_APPROACHABLE_CONCURRENCY = YES;
				SWIFT_EMIT_LOC_STRINGS = NO;
				SWIFT_UPCOMING_FEATURE_MEMBER_IMPORT_VISIBILITY = YES;
				SWIFT_VERSION = 5.0;
				TARGETED_DEVICE_FAMILY = "1,2";
				TEST_TARGET_NAME = ShoplyList;
			};
			name = Debug;
		};
		CE61D9302F291971001A3CDC /* Release */ = {
			isa = XCBuildConfiguration;
			buildSettings = {
				CODE_SIGN_STYLE = Automatic;
				CURRENT_PROJECT_VERSION = 1;
				DEVELOPMENT_TEAM = 23V2C5FWV2;
				GENERATE_INFOPLIST_FILE = YES;
				IPHONEOS_DEPLOYMENT_TARGET = 18.6;
				MARKETING_VERSION = 1.0;
				PRODUCT_BUNDLE_IDENTIFIER = com.shoplyApp.ShoplyListUITests;
				PRODUCT_NAME = "$(TARGET_NAME)";
				STRING_CATALOG_GENERATE_SYMBOLS = NO;
				SWIFT_APPROACHABLE_CONCURRENCY = YES;
				SWIFT_EMIT_LOC_STRINGS = NO;
				SWIFT_UPCOMING_FEATURE_MEMBER_IMPORT_VISIBILITY = YES;
				SWIFT_VERSION = 5.0;
				TARGETED_DEVICE_FAMILY = "1,2";
				TEST_TARGET_NAME = ShoplyList;
			};
			name = Release;
		};
/* End XCBuildConfiguration section */

/* Begin XCConfigurationList section */
		CE61D9002F29196F001A3CDC /* Build configuration list for PBXProject "ShoplyList" */ = {
			isa = XCConfigurationList;
			buildConfigurations = (
				CE61D9262F291971001A3CDC /* Debug */,
				CE61D9272F291971001A3CDC /* Release */,
			);
			defaultConfigurationIsVisible = 0;
			defaultConfigurationName = Release;
		};
		CE61D9282F291971001A3CDC /* Build configuration list for PBXNativeTarget "ShoplyList" */ = {
			isa = XCConfigurationList;
			buildConfigurations = (
				CE61D9292F291971001A3CDC /* Debug */,
				CE61D92A2F291971001A3CDC /* Release */,
			);
			defaultConfigurationIsVisible = 0;
			defaultConfigurationName = Release;
		};
		CE61D92B2F291971001A3CDC /* Build configuration list for PBXNativeTarget "ShoplyListTests" */ = {
			isa = XCConfigurationList;
			buildConfigurations = (
				CE61D92C2F291971001A3CDC /* Debug */,
				CE61D92D2F291971001A3CDC /* Release */,
			);
			defaultConfigurationIsVisible = 0;
			defaultConfigurationName = Release;
		};
		CE61D92E2F291971001A3CDC /* Build configuration list for PBXNativeTarget "ShoplyListUITests" */ = {
			isa = XCConfigurationList;
			buildConfigurations = (
				CE61D92F2F291971001A3CDC /* Debug */,
				CE61D9302F291971001A3CDC /* Release */,
			);
			defaultConfigurationIsVisible = 0;
			defaultConfigurationName = Release;
		};
/* End XCConfigurationList section */

/* Begin XCRemoteSwiftPackageReference section */
		CED0208B2F892DAB004C6715 /* XCRemoteSwiftPackageReference "firebase-ios-sdk" */ = {
			isa = XCRemoteSwiftPackageReference;
			repositoryURL = "https://github.com/firebase/firebase-ios-sdk";
			requirement = {
				kind = upToNextMajorVersion;
				minimumVersion = 12.12.0;
			};
		};
/* End XCRemoteSwiftPackageReference section */

/* Begin XCSwiftPackageProductDependency section */
		CE61EC032F2B9D24001A3CDC /* Coordinator */ = {
			isa = XCSwiftPackageProductDependency;
			productName = Coordinator;
		};
		CED0208C2F892DAB004C6715 /* FirebaseAnalytics */ = {
			isa = XCSwiftPackageProductDependency;
			package = CED0208B2F892DAB004C6715 /* XCRemoteSwiftPackageReference "firebase-ios-sdk" */;
			productName = FirebaseAnalytics;
		};
		CED0208E2F892DAB004C6715 /* FirebaseAnalyticsCore */ = {
			isa = XCSwiftPackageProductDependency;
			package = CED0208B2F892DAB004C6715 /* XCRemoteSwiftPackageReference "firebase-ios-sdk" */;
			productName = FirebaseAnalyticsCore;
		};
		CED020902F892DAB004C6715 /* FirebaseCore */ = {
			isa = XCSwiftPackageProductDependency;
			package = CED0208B2F892DAB004C6715 /* XCRemoteSwiftPackageReference "firebase-ios-sdk" */;
			productName = FirebaseCore;
		};
		CED020922F892DAB004C6715 /* FirebaseCrashlytics */ = {
			isa = XCSwiftPackageProductDependency;
			package = CED0208B2F892DAB004C6715 /* XCRemoteSwiftPackageReference "firebase-ios-sdk" */;
			productName = FirebaseCrashlytics;
		};
		CED020942F892DAB004C6715 /* FirebaseDatabase */ = {
			isa = XCSwiftPackageProductDependency;
			package = CED0208B2F892DAB004C6715 /* XCRemoteSwiftPackageReference "firebase-ios-sdk" */;
			productName = FirebaseDatabase;
		};
		CED020962F892DAB004C6715 /* FirebaseFirestore */ = {
			isa = XCSwiftPackageProductDependency;
			package = CED0208B2F892DAB004C6715 /* XCRemoteSwiftPackageReference "firebase-ios-sdk" */;
			productName = FirebaseFirestore;
		};
		CED020982F892DAB004C6715 /* FirebaseFirestoreCombine-Community */ = {
			isa = XCSwiftPackageProductDependency;
			package = CED0208B2F892DAB004C6715 /* XCRemoteSwiftPackageReference "firebase-ios-sdk" */;
			productName = "FirebaseFirestoreCombine-Community";
		};
		CED0214D2F893F9A004C6715 /* FirebaseAuth */ = {
			isa = XCSwiftPackageProductDependency;
			package = CED0208B2F892DAB004C6715 /* XCRemoteSwiftPackageReference "firebase-ios-sdk" */;
			productName = FirebaseAuth;
		};
/* End XCSwiftPackageProductDependency section */
	};
	rootObject = CE61D8FD2F29196F001A3CDC /* Project object */;
}
